Microsoft Visual Studio Solution File, Format Version 12.00
# Visual Studio Version 17
VisualStudioVersion = 17.1.32210.238
MinimumVisualStudioVersion = 10.0.40219.1
Project("{8BC9CEB8-8B4A-11D0-8D11-00A0C91BC942}") = "ext", "msvc\ext.vcxproj", "{D6279F9A-7F21-4B43-B929-515E953C9978}"
EndProject
Project("{8BC9CEB8-8B4A-11D0-8D11-00A0C91BC942}") = "doom", "msvc\doom.vcxproj", "{A5640C82-BC26-3220-B17F-1EFBED351FE1}"
	ProjectSection(ProjectDependencies) = postProject
		{D6279F9A-7F21-4B43-B929-515E953C9978} = {D6279F9A-7F21-4B43-B929-515E953C9978}
	EndProjectSection
EndProject
Project("{8BC9CEB8-8B4A-11D0-8D11-00A0C91BC942}") = "opl", "msvc\opl.vcxproj", "{C4010147-F0BB-3429-99C1-B07B5D953987}"
	ProjectSection(ProjectDependencies) = postProject
		{D6279F9A-7F21-4B43-B929-515E953C9978} = {D6279F9A-7F21-4B43-B929-515E953C9978}
	EndProjectSection
EndProject
Project("{8BC9CEB8-8B4A-11D0-8D11-00A0C91BC942}") = "pcsound", "msvc\pcsound.vcxproj", "{165CAAF7-29C5-3FB0-BA80-4B2A73285E07}"
	ProjectSection(ProjectDependencies) = postProject
		{D6279F9A-7F21-4B43-B929-515E953C9978} = {D6279F9A-7F21-4B43-B929-515E953C9978}
	EndProjectSection
EndProject
Project("{8BC9CEB8-8B4A-11D0-8D11-00A0C91BC942}") = "textscreen", "msvc\textscreen.vcxproj", "{2831ACDF-1907-35F9-8912-2F8E00647DF0}"
	ProjectSection(ProjectDependencies) = postProject
		{D6279F9A-7F21-4B43-B929-515E953C9978} = {D6279F9A-7F21-4B43-B929-515E953C9978}
	EndProjectSection
EndProject
Project("{8BC9CEB8-8B4A-11D0-8D11-00A0C91BC942}") = "rum-and-raisin-doom", "msvc\rum-and-raisin-doom.vcxproj", "{E82AAA8F-3903-3470-9823-B729466C668B}"
	ProjectSection(ProjectDependencies) = postProject
		{C4010147-F0BB-3429-99C1-B07B5D953987} = {C4010147-F0BB-3429-99C1-B07B5D953987}
		{A5640C82-BC26-3220-B17F-1EFBED351FE1} = {A5640C82-BC26-3220-B17F-1EFBED351FE1}
		{D6279F9A-7F21-4B43-B929-515E953C9978} = {D6279F9A-7F21-4B43-B929-515E953C9978}
		{2831ACDF-1907-35F9-8912-2F8E00647DF0} = {2831ACDF-1907-35F9-8912-2F8E00647DF0}
		{165CAAF7-29C5-3FB0-BA80-4B2A73285E07} = {165CAAF7-29C5-3FB0-BA80-4B2A73285E07}
	EndProjectSection
EndProject
Global
	GlobalSection(SolutionConfigurationPlatforms) = preSolution
		Debug|x64 = Debug|x64
		Debug|x86 = Debug|x86
		Profiling|x64 = Profiling|x64
		Profiling|x86 = Profiling|x86
		Release|x64 = Release|x64
		Release|x86 = Release|x86
	EndGlobalSection
	GlobalSection(ProjectConfigurationPlatforms) = postSolution
		{D6279F9A-7F21-4B43-B929-515E953C9978}.Debug|x64.ActiveCfg = Debug|x64
		{D6279F9A-7F21-4B43-B929-515E953C9978}.Debug|x64.Build.0 = Debug|x64
		{D6279F9A-7F21-4B43-B929-515E953C9978}.Debug|x86.ActiveCfg = Debug|Win32
		{D6279F9A-7F21-4B43-B929-515E953C9978}.Debug|x86.Build.0 = Debug|Win32
		{D6279F9A-7F21-4B43-B929-515E953C9978}.Profiling|x64.ActiveCfg = Profiling|x64
		{D6279F9A-7F21-4B43-B929-515E953C9978}.Profiling|x64.Build.0 = Profiling|x64
		{D6279F9A-7F21-4B43-B929-515E953C9978}.Profiling|x86.ActiveCfg = Profiling|Win32
		{D6279F9A-7F21-4B43-B929-515E953C9978}.Profiling|x86.Build.0 = Profiling|Win32
		{D6279F9A-7F21-4B43-B929-515E953C9978}.Release|x64.ActiveCfg = Release|x64
		{D6279F9A-7F21-4B43-B929-515E953C9978}.Release|x64.Build.0 = Release|x64
		{D6279F9A-7F21-4B43-B929-515E953C9978}.Release|x86.ActiveCfg = Release|Win32
		{D6279F9A-7F21-4B43-B929-515E953C9978}.Release|x86.Build.0 = Release|Win32
		{A5640C82-BC26-3220-B17F-1EFBED351FE1}.Debug|x64.ActiveCfg = Debug|x64
		{A5640C82-BC26-3220-B17F-1EFBED351FE1}.Debug|x64.Build.0 = Debug|x64
		{A5640C82-BC26-3220-B17F-1EFBED351FE1}.Debug|x86.ActiveCfg = Debug|Win32
		{A5640C82-BC26-3220-B17F-1EFBED351FE1}.Debug|x86.Build.0 = Debug|Win32
		{A5640C82-BC26-3220-B17F-1EFBED351FE1}.Profiling|x64.ActiveCfg = Profiling|x64
		{A5640C82-BC26-3220-B17F-1EFBED351FE1}.Profiling|x64.Build.0 = Profiling|x64
		{A5640C82-BC26-3220-B17F-1EFBED351FE1}.Profiling|x86.ActiveCfg = Profiling|Win32
		{A5640C82-BC26-3220-B17F-1EFBED351FE1}.Profiling|x86.Build.0 = Profiling|Win32
		{A5640C82-BC26-3220-B17F-1EFBED351FE1}.Release|x64.ActiveCfg = Release|x64
		{A5640C82-BC26-3220-B17F-1EFBED351FE1}.Release|x64.Build.0 = Release|x64
		{A5640C82-BC26-3220-B17F-1EFBED351FE1}.Release|x86.ActiveCfg = Release|Win32
		{A5640C82-BC26-3220-B17F-1EFBED351FE1}.Release|x86.Build.0 = Release|Win32
		{C4010147-F0BB-3429-99C1-B07B5D953987}.Debug|x64.ActiveCfg = Debug|x64
		{C4010147-F0BB-3429-99C1-B07B5D953987}.Debug|x64.Build.0 = Debug|x64
		{C4010147-F0BB-3429-99C1-B07B5D953987}.Debug|x86.ActiveCfg = Debug|Win32
		{C4010147-F0BB-3429-99C1-B07B5D953987}.Debug|x86.Build.0 = Debug|Win32
		{C4010147-F0BB-3429-99C1-B07B5D953987}.Profiling|x64.ActiveCfg = Profiling|x64
		{C4010147-F0BB-3429-99C1-B07B5D953987}.Profiling|x64.Build.0 = Profiling|x64
		{C4010147-F0BB-3429-99C1-B07B5D953987}.Profiling|x86.ActiveCfg = Profiling|Win32
		{C4010147-F0BB-3429-99C1-B07B5D953987}.Profiling|x86.Build.0 = Profiling|Win32
		{C4010147-F0BB-3429-99C1-B07B5D953987}.Release|x64.ActiveCfg = Release|x64
		{C4010147-F0BB-3429-99C1-B07B5D953987}.Release|x64.Build.0 = Release|x64
		{C4010147-F0BB-3429-99C1-B07B5D953987}.Release|x86.ActiveCfg = Release|Win32
		{C4010147-F0BB-3429-99C1-B07B5D953987}.Release|x86.Build.0 = Release|Win32
		{165CAAF7-29C5-3FB0-BA80-4B2A73285E07}.Debug|x64.ActiveCfg = Debug|x64
		{165CAAF7-29C5-3FB0-BA80-4B2A73285E07}.Debug|x64.Build.0 = Debug|x64
		{165CAAF7-29C5-3FB0-BA80-4B2A73285E07}.Debug|x86.ActiveCfg = Debug|Win32
		{165CAAF7-29C5-3FB0-BA80-4B2A73285E07}.Debug|x86.Build.0 = Debug|Win32
		{165CAAF7-29C5-3FB0-BA80-4B2A73285E07}.Profiling|x64.ActiveCfg = Profiling|x64
		{165CAAF7-29C5-3FB0-BA80-4B2A73285E07}.Profiling|x64.Build.0 = Profiling|x64
		{165CAAF7-29C5-3FB0-BA80-4B2A73285E07}.Profiling|x86.ActiveCfg = Profiling|Win32
		{165CAAF7-29C5-3FB0-BA80-4B2A73285E07}.Profiling|x86.Build.0 = Profiling|Win32
		{165CAAF7-29C5-3FB0-BA80-4B2A73285E07}.Release|x64.ActiveCfg = Release|x64
		{165CAAF7-29C5-3FB0-BA80-4B2A73285E07}.Release|x64.Build.0 = Release|x64
		{165CAAF7-29C5-3FB0-BA80-4B2A73285E07}.Release|x86.ActiveCfg = Release|Win32
		{165CAAF7-29C5-3FB0-BA80-4B2A73285E07}.Release|x86.Build.0 = Release|Win32
		{2831ACDF-1907-35F9-8912-2F8E00647DF0}.Debug|x64.ActiveCfg = Debug|x64
		{2831ACDF-1907-35F9-8912-2F8E00647DF0}.Debug|x64.Build.0 = Debug|x64
		{2831ACDF-1907-35F9-8912-2F8E00647DF0}.Debug|x86.ActiveCfg = Debug|Win32
		{2831ACDF-1907-35F9-8912-2F8E00647DF0}.Debug|x86.Build.0 = Debug|Win32
		{2831ACDF-1907-35F9-8912-2F8E00647DF0}.Profiling|x64.ActiveCfg = Profiling|x64
		{2831ACDF-1907-35F9-8912-2F8E00647DF0}.Profiling|x64.Build.0 = Profiling|x64
		{2831ACDF-1907-35F9-8912-2F8E00647DF0}.Profiling|x86.ActiveCfg = Profiling|Win32
		{2831ACDF-1907-35F9-8912-2F8E00647DF0}.Profiling|x86.Build.0 = Profiling|Win32
		{2831ACDF-1907-35F9-8912-2F8E00647DF0}.Release|x64.ActiveCfg = Release|x64
		{2831ACDF-1907-35F9-8912-2F8E00647DF0}.Release|x64.Build.0 = Release|x64
		{2831ACDF-1907-35F9-8912-2F8E00647DF0}.Release|x86.ActiveCfg = Release|Win32
		{2831ACDF-1907-35F9-8912-2F8E00647DF0}.Release|x86.Build.0 = Release|Win32
		{E82AAA8F-3903-3470-9823-B729466C668B}.Debug|x64.ActiveCfg = Debug|x64
		{E82AAA8F-3903-3470-9823-B729466C668B}.Debug|x64.Build.0 = Debug|x64
		{E82AAA8F-3903-3470-9823-B729466C668B}.Debug|x86.ActiveCfg = Debug|Win32
		{E82AAA8F-3903-3470-9823-B729466C668B}.Debug|x86.Build.0 = Debug|Win32
		{E82AAA8F-3903-3470-9823-B729466C668B}.Profiling|x64.ActiveCfg = Profiling|x64
		{E82AAA8F-3903-3470-9823-B729466C668B}.Profiling|x64.Build.0 = Profiling|x64
		{E82AAA8F-3903-3470-9823-B729466C668B}.Profiling|x86.ActiveCfg = Profiling|Win32
		{E82AAA8F-3903-3470-9823-B729466C668B}.Profiling|x86.Build.0 = Profiling|Win32
		{E82AAA8F-3903-3470-9823-B729466C668B}.Release|x64.ActiveCfg = Release|x64
		{E82AAA8F-3903-3470-9823-B729466C668B}.Release|x64.Build.0 = Release|x64
		{E82AAA8F-3903-3470-9823-B729466C668B}.Release|x86.ActiveCfg = Release|Win32
		{E82AAA8F-3903-3470-9823-B729466C668B}.Release|x86.Build.0 = Release|Win32
	EndGlobalSection
	GlobalSection(SolutionProperties) = preSolution
		HideSolutionNode = FALSE
	EndGlobalSection
	GlobalSection(ExtensibilityGlobals) = postSolution
		SolutionGuid = {ABF60E9C-65DE-4C0C-B947-C37CA1492FB6}
	EndGlobalSection
EndGlobal
