<?xml version="1.0" encoding="utf-8"?>
<Project ToolsVersion="15.0" xmlns="http://schemas.microsoft.com/developer/msbuild/2003">
  <ItemGroup>
    <ClCompile Include="..\src\doom\am_map.c">
      <Filter>Source Files</Filter>
    </ClCompile>
    <ClCompile Include="..\src\doom\d_main.c">
      <Filter>Source Files</Filter>
    </ClCompile>
    <ClCompile Include="..\src\doom\d_net.c">
      <Filter>Source Files</Filter>
    </ClCompile>
    <ClCompile Include="..\src\doom\doomdef.c">
      <Filter>Source Files</Filter>
    </ClCompile>
    <ClCompile Include="..\src\doom\doomstat.c">
      <Filter>Source Files</Filter>
    </ClCompile>
    <ClCompile Include="..\src\doom\dstrings.c">
      <Filter>Source Files</Filter>
    </ClCompile>
    <ClCompile Include="..\src\doom\f_wipe.c">
      <Filter>Source Files</Filter>
    </ClCompile>
    <ClCompile Include="..\src\doom\hu_lib.c">
      <Filter>Source Files</Filter>
    </ClCompile>
    <ClCompile Include="..\src\doom\hu_stuff.c">
      <Filter>Source Files</Filter>
    </ClCompile>
    <ClCompile Include="..\src\doom\m_menu.c">
      <Filter>Source Files</Filter>
    </ClCompile>
    <ClCompile Include="..\src\doom\m_random.c">
      <Filter>Source Files</Filter>
    </ClCompile>
    <ClCompile Include="..\src\doom\p_sight.c">
      <Filter>Source Files</Filter>
    </ClCompile>
    <ClCompile Include="..\src\doom\r_main.cpp">
      <Filter>Source Files</Filter>
    </ClCompile>
    <ClCompile Include="..\src\doom\r_segs.cpp">
      <Filter>Source Files</Filter>
    </ClCompile>
    <ClCompile Include="..\src\doom\r_things.cpp">
      <Filter>Source Files</Filter>
    </ClCompile>
    <ClCompile Include="..\src\doom\statdump.c">
      <Filter>Source Files</Filter>
    </ClCompile>
    <ClCompile Include="..\src\doom\st_lib.c">
      <Filter>Source Files</Filter>
    </ClCompile>
    <ClCompile Include="..\src\doom\r_draw.cpp">
      <Filter>Source Files</Filter>
    </ClCompile>
    <ClCompile Include="..\src\doom\r_raster.cpp">
      <Filter>Source Files</Filter>
    </ClCompile>
    <ClCompile Include="..\src\doom\p_setup.cpp">
      <Filter>Source Files</Filter>
    </ClCompile>
    <ClCompile Include="..\src\doom\r_plane.cpp">
      <Filter>Source Files</Filter>
    </ClCompile>
    <ClCompile Include="..\src\doom\r_data.cpp">
      <Filter>Source Files</Filter>
    </ClCompile>
    <ClCompile Include="..\src\doom\wi_stuff.cpp">
      <Filter>Source Files</Filter>
    </ClCompile>
    <ClCompile Include="..\src\doom\deh_bexptr.cpp">
      <Filter>Source Files</Filter>
    </ClCompile>
    <ClCompile Include="..\src\doom\deh_bexpars.cpp">
      <Filter>Source Files</Filter>
    </ClCompile>
    <ClCompile Include="..\src\doom\r_bsp.cpp">
      <Filter>Source Files</Filter>
    </ClCompile>
    <ClCompile Include="..\src\doom\r_sky.cpp">
      <Filter>Source Files</Filter>
    </ClCompile>
    <ClCompile Include="..\src\doom\p_spec.cpp">
      <Filter>Source Files</Filter>
    </ClCompile>
    <ClCompile Include="..\src\doom\p_lineaction.cpp">
      <Filter>Source Files</Filter>
    </ClCompile>
    <ClCompile Include="..\src\doom\p_switch.cpp">
      <Filter>Source Files</Filter>
    </ClCompile>
    <ClCompile Include="..\src\doom\p_doors.cpp">
      <Filter>Source Files</Filter>
    </ClCompile>
    <ClCompile Include="..\src\doom\p_plats.cpp">
      <Filter>Source Files</Filter>
    </ClCompile>
    <ClCompile Include="..\src\doom\p_telept.cpp">
      <Filter>Source Files</Filter>
    </ClCompile>
    <ClCompile Include="..\src\doom\p_lights.cpp">
      <Filter>Source Files</Filter>
    </ClCompile>
    <ClCompile Include="..\src\doom\p_enemy.cpp">
      <Filter>Source Files</Filter>
    </ClCompile>
    <ClCompile Include="..\src\doom\p_actionsmbf.cpp">
      <Filter>Source Files</Filter>
    </ClCompile>
    <ClCompile Include="..\src\doom\p_actionsmbf21.cpp">
      <Filter>Source Files</Filter>
    </ClCompile>
    <ClCompile Include="..\src\doom\p_maputl.cpp">
      <Filter>Source Files</Filter>
    </ClCompile>
    <ClCompile Include="..\src\doom\p_map.cpp">
      <Filter>Source Files</Filter>
    </ClCompile>
    <ClCompile Include="..\src\doom\p_floor.cpp">
      <Filter>Source Files</Filter>
    </ClCompile>
    <ClCompile Include="..\src\doom\p_ceilng.cpp">
      <Filter>Source Files</Filter>
    </ClCompile>
    <ClCompile Include="..\src\doom\p_genericactions.cpp">
      <Filter>Source Files</Filter>
    </ClCompile>
    <ClCompile Include="..\src\doom\p_user.cpp">
      <Filter>Source Files</Filter>
    </ClCompile>
    <ClCompile Include="..\src\doom\d_gameflow_chex.cpp">
      <Filter>Source Files</Filter>
    </ClCompile>
    <ClCompile Include="..\src\doom\d_gameflow_doom.cpp">
      <Filter>Source Files</Filter>
    </ClCompile>
    <ClCompile Include="..\src\doom\d_gameflow_doom2.cpp">
      <Filter>Source Files</Filter>
    </ClCompile>
    <ClCompile Include="..\src\doom\d_gameflow_hacx.cpp">
      <Filter>Source Files</Filter>
    </ClCompile>
    <ClCompile Include="..\src\doom\d_gameflow_plutonia.cpp">
      <Filter>Source Files</Filter>
    </ClCompile>
    <ClCompile Include="..\src\doom\d_gameflow_tnt.cpp">
      <Filter>Source Files</Filter>
    </ClCompile>
    <ClCompile Include="..\src\doom\d_gamesim.cpp">
      <Filter>Source Files</Filter>
    </ClCompile>
    <ClCompile Include="..\src\doom\p_mobj.cpp">
      <Filter>Source Files</Filter>
    </ClCompile>
    <ClCompile Include="..\src\doom\p_inter.cpp">
      <Filter>Source Files</Filter>
    </ClCompile>
    <ClCompile Include="..\src\doom\info.cpp">
      <Filter>Source Files</Filter>
    </ClCompile>
    <ClCompile Include="..\src\doom\p_tick.cpp">
      <Filter>Source Files</Filter>
    </ClCompile>
    <ClCompile Include="..\src\doom\p_pspr.cpp">
      <Filter>Source Files</Filter>
    </ClCompile>
    <ClCompile Include="..\src\doom\p_saveg.cpp">
      <Filter>Source Files</Filter>
    </ClCompile>
    <ClCompile Include="..\src\doom\deh_thing.cpp">
      <Filter>Source Files</Filter>
    </ClCompile>
    <ClCompile Include="..\src\doom\deh_weapon.cpp">
      <Filter>Source Files</Filter>
    </ClCompile>
    <ClCompile Include="..\src\doom\deh_ammo.cpp">
      <Filter>Source Files</Filter>
    </ClCompile>
    <ClCompile Include="..\src\doom\deh_bexstr.cpp">
      <Filter>Source Files</Filter>
    </ClCompile>
    <ClCompile Include="..\src\doom\deh_cheat.cpp">
      <Filter>Source Files</Filter>
    </ClCompile>
    <ClCompile Include="..\src\doom\deh_doom.cpp">
      <Filter>Source Files</Filter>
    </ClCompile>
    <ClCompile Include="..\src\doom\deh_frame.cpp">
      <Filter>Source Files</Filter>
    </ClCompile>
    <ClCompile Include="..\src\doom\deh_misc.cpp">
      <Filter>Source Files</Filter>
    </ClCompile>
    <ClCompile Include="..\src\doom\deh_ptr.cpp">
      <Filter>Source Files</Filter>
    </ClCompile>
    <ClCompile Include="..\src\doom\deh_sound.cpp">
      <Filter>Source Files</Filter>
    </ClCompile>
    <ClCompile Include="..\src\doom\f_finale.cpp">
      <Filter>Source Files</Filter>
    </ClCompile>
    <ClCompile Include="..\src\doom\g_game.cpp">
      <Filter>Source Files</Filter>
    </ClCompile>
    <ClCompile Include="..\src\doom\s_sound.cpp">
      <Filter>Source Files</Filter>
    </ClCompile>
    <ClCompile Include="..\src\doom\sounds.cpp">
      <Filter>Source Files</Filter>
    </ClCompile>
    <ClCompile Include="..\src\doom\deh_dsdsprites.cpp">
      <Filter>Source Files</Filter>
    </ClCompile>
    <ClCompile Include="..\src\doom\deh_dsdsounds.cpp">
      <Filter>Source Files</Filter>
    </ClCompile>
    <ClCompile Include="..\src\doom\deh_bexbits.cpp">
      <Filter>Source Files</Filter>
    </ClCompile>
    <ClCompile Include="..\src\doom\d_items.cpp">
      <Filter>Source Files</Filter>
    </ClCompile>
    <ClCompile Include="..\src\doom\st_stuff.cpp">
      <Filter>Source Files</Filter>
    </ClCompile>
  </ItemGroup>
  <ItemGroup>
    <ClInclude Include="..\src\doom\am_map.h">
      <Filter>Header Files</Filter>
    </ClInclude>
    <ClInclude Include="..\src\doom\deh_misc.h">
      <Filter>Header Files</Filter>
    </ClInclude>
    <ClInclude Include="..\src\doom\d_englsh.h">
      <Filter>Header Files</Filter>
    </ClInclude>
    <ClInclude Include="..\src\doom\d_items.h">
      <Filter>Header Files</Filter>
    </ClInclude>
    <ClInclude Include="..\src\doom\d_main.h">
      <Filter>Header Files</Filter>
    </ClInclude>
    <ClInclude Include="..\src\doom\doomdata.h">
      <Filter>Header Files</Filter>
    </ClInclude>
    <ClInclude Include="..\src\doom\doomdef.h">
      <Filter>Header Files</Filter>
    </ClInclude>
    <ClInclude Include="..\src\doom\doomstat.h">
      <Filter>Header Files</Filter>
    </ClInclude>
    <ClInclude Include="..\src\doom\d_player.h">
      <Filter>Header Files</Filter>
    </ClInclude>
    <ClInclude Include="..\src\doom\dstrings.h">
      <Filter>Header Files</Filter>
    </ClInclude>
    <ClInclude Include="..\src\doom\d_textur.h">
      <Filter>Header Files</Filter>
    </ClInclude>
    <ClInclude Include="..\src\doom\d_think.h">
      <Filter>Header Files</Filter>
    </ClInclude>
    <ClInclude Include="..\src\doom\f_finale.h">
      <Filter>Header Files</Filter>
    </ClInclude>
    <ClInclude Include="..\src\doom\f_wipe.h">
      <Filter>Header Files</Filter>
    </ClInclude>
    <ClInclude Include="..\src\doom\g_game.h">
      <Filter>Header Files</Filter>
    </ClInclude>
    <ClInclude Include="..\src\doom\hu_lib.h">
      <Filter>Header Files</Filter>
    </ClInclude>
    <ClInclude Include="..\src\doom\hu_stuff.h">
      <Filter>Header Files</Filter>
    </ClInclude>
    <ClInclude Include="..\src\doom\info.h">
      <Filter>Header Files</Filter>
    </ClInclude>
    <ClInclude Include="..\src\doom\m_menu.h">
      <Filter>Header Files</Filter>
    </ClInclude>
    <ClInclude Include="..\src\doom\m_random.h">
      <Filter>Header Files</Filter>
    </ClInclude>
    <ClInclude Include="..\src\doom\p_inter.h">
      <Filter>Header Files</Filter>
    </ClInclude>
    <ClInclude Include="..\src\doom\p_local.h">
      <Filter>Header Files</Filter>
    </ClInclude>
    <ClInclude Include="..\src\doom\p_mobj.h">
      <Filter>Header Files</Filter>
    </ClInclude>
    <ClInclude Include="..\src\doom\p_pspr.h">
      <Filter>Header Files</Filter>
    </ClInclude>
    <ClInclude Include="..\src\doom\p_saveg.h">
      <Filter>Header Files</Filter>
    </ClInclude>
    <ClInclude Include="..\src\doom\p_setup.h">
      <Filter>Header Files</Filter>
    </ClInclude>
    <ClInclude Include="..\src\doom\p_spec.h">
      <Filter>Header Files</Filter>
    </ClInclude>
    <ClInclude Include="..\src\doom\p_tick.h">
      <Filter>Header Files</Filter>
    </ClInclude>
    <ClInclude Include="..\src\doom\r_bsp.h">
      <Filter>Header Files</Filter>
    </ClInclude>
    <ClInclude Include="..\src\doom\r_data.h">
      <Filter>Header Files</Filter>
    </ClInclude>
    <ClInclude Include="..\src\doom\r_defs.h">
      <Filter>Header Files</Filter>
    </ClInclude>
    <ClInclude Include="..\src\doom\r_draw.h">
      <Filter>Header Files</Filter>
    </ClInclude>
    <ClInclude Include="..\src\doom\r_local.h">
      <Filter>Header Files</Filter>
    </ClInclude>
    <ClInclude Include="..\src\doom\r_main.h">
      <Filter>Header Files</Filter>
    </ClInclude>
    <ClInclude Include="..\src\doom\r_plane.h">
      <Filter>Header Files</Filter>
    </ClInclude>
    <ClInclude Include="..\src\doom\r_segs.h">
      <Filter>Header Files</Filter>
    </ClInclude>
    <ClInclude Include="..\src\doom\r_sky.h">
      <Filter>Header Files</Filter>
    </ClInclude>
    <ClInclude Include="..\src\doom\r_state.h">
      <Filter>Header Files</Filter>
    </ClInclude>
    <ClInclude Include="..\src\doom\r_things.h">
      <Filter>Header Files</Filter>
    </ClInclude>
    <ClInclude Include="..\src\doom\s_sound.h">
      <Filter>Header Files</Filter>
    </ClInclude>
    <ClInclude Include="..\src\doom\sounds.h">
      <Filter>Header Files</Filter>
    </ClInclude>
    <ClInclude Include="..\src\doom\statdump.h">
      <Filter>Header Files</Filter>
    </ClInclude>
    <ClInclude Include="..\src\doom\st_lib.h">
      <Filter>Header Files</Filter>
    </ClInclude>
    <ClInclude Include="..\src\doom\st_stuff.h">
      <Filter>Header Files</Filter>
    </ClInclude>
    <ClInclude Include="..\src\doom\wi_stuff.h">
      <Filter>Header Files</Filter>
    </ClInclude>
    <ClInclude Include="..\src\doom\r_raster.h">
      <Filter>Header Files</Filter>
    </ClInclude>
    <ClInclude Include="..\src\doom\p_lineaction.h">
      <Filter>Header Files</Filter>
    </ClInclude>
    <ClInclude Include="..\src\doom\d_gamesim.h">
      <Filter>Header Files</Filter>
    </ClInclude>
    <ClInclude Include="..\src\doom\p_sectoraction.h">
      <Filter>Header Files</Filter>
    </ClInclude>
  </ItemGroup>
  <ItemGroup>
    <Filter Include="Header Files">
      <UniqueIdentifier>{F691BDA7-B1B0-379D-B4F4-95C504AFAC32}</UniqueIdentifier>
    </Filter>
    <Filter Include="Source Files">
      <UniqueIdentifier>{8F35243C-C65B-3F09-9CCA-0E6D144DF7FC}</UniqueIdentifier>
    </Filter>
  </ItemGroup>
</Project>