<?xml version="1.0" encoding="utf-8"?>
<Project ToolsVersion="15.0" xmlns="http://schemas.microsoft.com/developer/msbuild/2003">
  <ItemGroup>
    <ClCompile Include="..\textscreen\txt_conditional.c">
      <Filter>Source Files</Filter>
    </ClCompile>
    <ClCompile Include="..\textscreen\txt_checkbox.c">
      <Filter>Source Files</Filter>
    </ClCompile>
    <ClCompile Include="..\textscreen\txt_desktop.c">
      <Filter>Source Files</Filter>
    </ClCompile>
    <ClCompile Include="..\textscreen\txt_dropdown.c">
      <Filter>Source Files</Filter>
    </ClCompile>
    <ClCompile Include="..\textscreen\txt_fileselect.c">
      <Filter>Source Files</Filter>
    </ClCompile>
    <ClCompile Include="..\textscreen\txt_gui.c">
      <Filter>Source Files</Filter>
    </ClCompile>
    <ClCompile Include="..\textscreen\txt_inputbox.c">
      <Filter>Source Files</Filter>
    </ClCompile>
    <ClCompile Include="..\textscreen\txt_io.c">
      <Filter>Source Files</Filter>
    </ClCompile>
    <ClCompile Include="..\textscreen\txt_button.c">
      <Filter>Source Files</Filter>
    </ClCompile>
    <ClCompile Include="..\textscreen\txt_label.c">
      <Filter>Source Files</Filter>
    </ClCompile>
    <ClCompile Include="..\textscreen\txt_radiobutton.c">
      <Filter>Source Files</Filter>
    </ClCompile>
    <ClCompile Include="..\textscreen\txt_scrollpane.c">
      <Filter>Source Files</Filter>
    </ClCompile>
    <ClCompile Include="..\textscreen\txt_separator.c">
      <Filter>Source Files</Filter>
    </ClCompile>
    <ClCompile Include="..\textscreen\txt_spinctrl.c">
      <Filter>Source Files</Filter>
    </ClCompile>
    <ClCompile Include="..\textscreen\txt_sdl.c">
      <Filter>Source Files</Filter>
    </ClCompile>
    <ClCompile Include="..\textscreen\txt_strut.c">
      <Filter>Source Files</Filter>
    </ClCompile>
    <ClCompile Include="..\textscreen\txt_table.c">
      <Filter>Source Files</Filter>
    </ClCompile>
    <ClCompile Include="..\textscreen\txt_utf8.c">
      <Filter>Source Files</Filter>
    </ClCompile>
    <ClCompile Include="..\textscreen\txt_widget.c">
      <Filter>Source Files</Filter>
    </ClCompile>
    <ClCompile Include="..\textscreen\txt_window.c">
      <Filter>Source Files</Filter>
    </ClCompile>
    <ClCompile Include="..\textscreen\txt_window_action.c">
      <Filter>Source Files</Filter>
    </ClCompile>
  </ItemGroup>
  <ItemGroup>
    <ClInclude Include="..\textscreen\textscreen.h">
      <Filter>Header Files</Filter>
    </ClInclude>
    <ClInclude Include="..\textscreen\txt_conditional.h">
      <Filter>Header Files</Filter>
    </ClInclude>
    <ClInclude Include="..\textscreen\txt_checkbox.h">
      <Filter>Header Files</Filter>
    </ClInclude>
    <ClInclude Include="..\textscreen\txt_desktop.h">
      <Filter>Header Files</Filter>
    </ClInclude>
    <ClInclude Include="..\textscreen\txt_dropdown.h">
      <Filter>Header Files</Filter>
    </ClInclude>
    <ClInclude Include="..\textscreen\txt_fileselect.h">
      <Filter>Header Files</Filter>
    </ClInclude>
    <ClInclude Include="..\textscreen\txt_gui.h">
      <Filter>Header Files</Filter>
    </ClInclude>
    <ClInclude Include="..\textscreen\txt_inputbox.h">
      <Filter>Header Files</Filter>
    </ClInclude>
    <ClInclude Include="..\textscreen\txt_io.h">
      <Filter>Header Files</Filter>
    </ClInclude>
    <ClInclude Include="..\textscreen\txt_main.h">
      <Filter>Header Files</Filter>
    </ClInclude>
    <ClInclude Include="..\textscreen\txt_button.h">
      <Filter>Header Files</Filter>
    </ClInclude>
    <ClInclude Include="..\textscreen\txt_label.h">
      <Filter>Header Files</Filter>
    </ClInclude>
    <ClInclude Include="..\textscreen\txt_radiobutton.h">
      <Filter>Header Files</Filter>
    </ClInclude>
    <ClInclude Include="..\textscreen\txt_scrollpane.h">
      <Filter>Header Files</Filter>
    </ClInclude>
    <ClInclude Include="..\textscreen\txt_separator.h">
      <Filter>Header Files</Filter>
    </ClInclude>
    <ClInclude Include="..\textscreen\txt_spinctrl.h">
      <Filter>Header Files</Filter>
    </ClInclude>
    <ClInclude Include="..\textscreen\txt_sdl.h">
      <Filter>Header Files</Filter>
    </ClInclude>
    <ClInclude Include="..\textscreen\txt_strut.h">
      <Filter>Header Files</Filter>
    </ClInclude>
    <ClInclude Include="..\textscreen\txt_table.h">
      <Filter>Header Files</Filter>
    </ClInclude>
    <ClInclude Include="..\textscreen\txt_utf8.h">
      <Filter>Header Files</Filter>
    </ClInclude>
    <ClInclude Include="..\textscreen\txt_widget.h">
      <Filter>Header Files</Filter>
    </ClInclude>
    <ClInclude Include="..\textscreen\txt_window.h">
      <Filter>Header Files</Filter>
    </ClInclude>
    <ClInclude Include="..\textscreen\txt_window_action.h">
      <Filter>Header Files</Filter>
    </ClInclude>
  </ItemGroup>
  <ItemGroup>
    <Filter Include="Header Files">
      <UniqueIdentifier>{F691BDA7-B1B0-379D-B4F4-95C504AFAC32}</UniqueIdentifier>
    </Filter>
    <Filter Include="Source Files">
      <UniqueIdentifier>{8F35243C-C65B-3F09-9CCA-0E6D144DF7FC}</UniqueIdentifier>
    </Filter>
  </ItemGroup>
</Project>